{
  "nodes": {
    "gen": {
      "locked": {
        "lastModified": 1779682607,
        "narHash": "sha256-AOKtTVMsEuF327yAuf0gIgoBLNmxCP0RjvmdkNcp2t8=",
        "owner": "sini",
        "repo": "gen",
        "rev": "3c1f38835fa12ca954d0fbaacb4ad692c109d947",
        "type": "github"
      },
      "original": {
        "owner": "sini",
        "repo": "gen",
        "type": "github"
      }
    },
    "nixpkgs": {
      "locked": {
        "lastModified": 1779508470,
        "narHash": "sha256-OtXX32ZNu00Co+iVgV3ffkJVgVVcc0Sy56DdfJm+UQM=",
        "rev": "29916453413845e54a65b8a1cf996842300cd299",
        "type": "tarball",
        "url": "https://releases.nixos.org/nixos/unstable/nixos-26.05pre1003640.299164534138/nixexprs.tar.xz?lastModified=1779508470&rev=29916453413845e54a65b8a1cf996842300cd299"
      },
      "original": {
        "type": "tarball",
        "url": "https://channels.nixos.org/nixos-unstable/nixexprs.tar.xz"
      }
    },
    "root": {
      "inputs": {
        "gen": "gen",
        "nixpkgs": "nixpkgs"
      }
    }
  },
  "root": "root",
  "version": 7
}
